{
  "nodes": {
    "antigravity-nix": {
      "inputs": {
        "flake-utils": "flake-utils",
        "nixpkgs": [
          "nixpkgs"
        ]
      },
      "locked": {
        "lastModified": 1768422311,
        "narHash": "sha256-91sJfFjQC999KOkMCGEcfk9GyQ8Ve9MzN27kKsoiORw=",
        "owner": "jacopone",
        "repo": "antigravity-nix",
        "rev": "5a12fae3b38571188abac90452bdb28e3b3a8623",
        "type": "github"
      },
      "original": {
        "owner": "jacopone",
        "repo": "antigravity-nix",
        "type": "github"
      }
    },
    "brew-src": {
      "flake": false,
      "locked": {
        "lastModified": 1763638478,
        "narHash": "sha256-n/IMowE9S23ovmTkKX7KhxXC2Yq41EAVFR2FBIXPcT8=",
        "owner": "Homebrew",
        "repo": "brew",
        "rev": "fbfdbaba008189499958a7aeb1e2c36ab10c067d",
        "type": "github"
      },
      "original": {
        "owner": "Homebrew",
        "ref": "5.0.3",
        "repo": "brew",
        "type": "github"
      }
    },
    "dankMaterialShell": {
      "inputs": {
        "nixpkgs": [
          "nixpkgs"
        ],
        "quickshell": "quickshell"
      },
      "locked": {
        "lastModified": 1768705699,
        "narHash": "sha256-K/AM6JUUYzRhofimTOYFCmOFpRBOntzYae2USmW+IP0=",
        "owner": "AvengeMedia",
        "repo": "DankMaterialShell",
        "rev": "340d79000cd3079303582fcd2b372c72275675d5",
        "type": "github"
      },
      "original": {
        "owner": "AvengeMedia",
        "repo": "DankMaterialShell",
        "type": "github"
      }
    },
    "flake-compat": {
      "flake": false,
      "locked": {
        "lastModified": 1751685974,
        "narHash": "sha256-NKw96t+BgHIYzHUjkTK95FqYRVKB8DHpVhefWSz/kTw=",
        "ref": "refs/heads/main",
        "rev": "549f2762aebeff29a2e5ece7a7dc0f955281a1d1",
        "revCount": 92,
        "type": "git",
        "url": "https://git.lix.systems/lix-project/flake-compat.git"
      },
      "original": {
        "type": "git",
        "url": "https://git.lix.systems/lix-project/flake-compat.git"
      }
    },
    "flake-compat_2": {
      "locked": {
        "lastModified": 1696426674,
        "narHash": "sha256-kvjfFW7WAETZlt09AgDn1MrtKzP7t90Vf7vypd3OL1U=",
        "rev": "0f9255e01c2351cc7d116c072cb317785dd33b33",
        "revCount": 57,
        "type": "tarball",
        "url": "https://api.flakehub.com/f/pinned/edolstra/flake-compat/1.0.1/018afb31-abd1-7bff-a5e4-cff7e18efb7a/source.tar.gz"
      },
      "original": {
        "type": "tarball",
        "url": "https://flakehub.com/f/edolstra/flake-compat/1.tar.gz"
      }
    },
    "flake-parts": {
      "inputs": {
        "nixpkgs-lib": [
          "nvf",
          "nixpkgs"
        ]
      },
      "locked": {
        "lastModified": 1768135262,
        "narHash": "sha256-PVvu7OqHBGWN16zSi6tEmPwwHQ4rLPU9Plvs8/1TUBY=",
        "owner": "hercules-ci",
        "repo": "flake-parts",
        "rev": "80daad04eddbbf5a4d883996a73f3f542fa437ac",
        "type": "github"
      },
      "original": {
        "owner": "hercules-ci",
        "repo": "flake-parts",
        "type": "github"
      }
    },
    "flake-utils": {
      "inputs": {
        "systems": "systems"
      },
      "locked": {
        "lastModified": 1731533236,
        "narHash": "sha256-l0KFg5HjrsfsO/JpG+r7fRrqm12kzFHyUHqHCVpMMbI=",
        "owner": "numtide",
        "repo": "flake-utils",
        "rev": "11707dc2f618dd54ca8739b309ec4fc024de578b",
        "type": "github"
      },
      "original": {
        "owner": "numtide",
        "repo": "flake-utils",
        "type": "github"
      }
    },
    "flake-utils_2": {
      "inputs": {
        "systems": "systems_5"
      },
      "locked": {
        "lastModified": 1710146030,
        "narHash": "sha256-SZ5L6eA7HJ/nmkzGG7/ISclqe6oZdOZTNoesiInkXPQ=",
        "owner": "numtide",
        "repo": "flake-utils",
        "rev": "b1d9ab70662946ef0850d488da1c9019f3a9752a",
        "type": "github"
      },
      "original": {
        "owner": "numtide",
        "repo": "flake-utils",
        "type": "github"
      }
    },
    "home-manager": {
      "inputs": {
        "nixpkgs": [
          "nixpkgs"
        ]
      },
      "locked": {
        "lastModified": 1768703115,
        "narHash": "sha256-JAXjGiDWlQJSwniCYlnEwU/2KjI0bJ/lV0gpyD9UjxE=",
        "owner": "nix-community",
        "repo": "home-manager",
        "rev": "05fd3bababe5924f9a6128285e7cf6c67d45f3c0",
        "type": "github"
      },
      "original": {
        "owner": "nix-community",
        "repo": "home-manager",
        "type": "github"
      }
    },
    "home-manager_2": {
      "inputs": {
        "nixpkgs": [
          "zen-browser",
          "nixpkgs"
        ]
      },
      "locked": {
        "lastModified": 1768434960,
        "narHash": "sha256-cJbFn17oyg6qAraLr+NVeNJrXsrzJdrudkzI4H2iTcg=",
        "owner": "nix-community",
        "repo": "home-manager",
        "rev": "b4d88c9ac42ae1a745283f6547701da43b6e9f9b",
        "type": "github"
      },
      "original": {
        "owner": "nix-community",
        "repo": "home-manager",
        "type": "github"
      }
    },
    "homebrew-cask": {
      "flake": false,
      "locked": {
        "lastModified": 1768699882,
        "narHash": "sha256-TD+4DjT8/fTDISfyCKvOMcZkC0kVWxxCgTjTCQvWFPg=",
        "owner": "homebrew",
        "repo": "homebrew-cask",
        "rev": "5d691c0509f6a4b1d2a392cfa00bc754aeaa9125",
        "type": "github"
      },
      "original": {
        "owner": "homebrew",
        "repo": "homebrew-cask",
        "type": "github"
      }
    },
    "homebrew-core": {
      "flake": false,
      "locked": {
        "lastModified": 1768704398,
        "narHash": "sha256-biUo27clW98dYFOjdCQQ7Y88KYNa2XlFdcrFL5wYLcA=",
        "owner": "homebrew",
        "repo": "homebrew-core",
        "rev": "608f448943b3473a88c4a6f4bc90a19de9473309",
        "type": "github"
      },
      "original": {
        "owner": "homebrew",
        "repo": "homebrew-core",
        "type": "github"
      }
    },
    "mnw": {
      "locked": {
        "lastModified": 1767030222,
        "narHash": "sha256-kSvWF3Xt2HW9hmV5V7i8PqeWJIBUKmuKoHhOgj3Znzs=",
        "owner": "Gerg-L",
        "repo": "mnw",
        "rev": "75bb637454b0fbbb5ed652375a4bf7ffd28bcf6f",
        "type": "github"
      },
      "original": {
        "owner": "Gerg-L",
        "repo": "mnw",
        "type": "github"
      }
    },
    "ndg": {
      "inputs": {
        "nixpkgs": [
          "nvf",
          "nixpkgs"
        ]
      },
      "locked": {
        "lastModified": 1768214250,
        "narHash": "sha256-hnBZDQWUxJV3KbtvyGW5BKLO/fAwydrxm5WHCWMQTbw=",
        "owner": "feel-co",
        "repo": "ndg",
        "rev": "a6bd3c1ce2668d096e4fdaaa03ad7f03ba1fbca8",
        "type": "github"
      },
      "original": {
        "owner": "feel-co",
        "ref": "refs/tags/v2.6.0",
        "repo": "ndg",
        "type": "github"
      }
    },
    "niri": {
      "inputs": {
        "niri-stable": "niri-stable",
        "niri-unstable": "niri-unstable",
        "nixpkgs": [
          "nixpkgs"
        ],
        "nixpkgs-stable": "nixpkgs-stable",
        "xwayland-satellite-stable": "xwayland-satellite-stable",
        "xwayland-satellite-unstable": "xwayland-satellite-unstable"
      },
      "locked": {
        "lastModified": 1768684335,
        "narHash": "sha256-YLjGGcSNE2lK+TUqDFEX6IBjPZNjLaoxAXji3mmZbvs=",
        "owner": "sodiboo",
        "repo": "niri-flake",
        "rev": "c133a45b02dba5fd229532067d6a22d5209436d6",
        "type": "github"
      },
      "original": {
        "owner": "sodiboo",
        "repo": "niri-flake",
        "type": "github"
      }
    },
    "niri-stable": {
      "flake": false,
      "locked": {
        "lastModified": 1756556321,
        "narHash": "sha256-RLD89dfjN0RVO86C/Mot0T7aduCygPGaYbog566F0Qo=",
        "owner": "YaLTeR",
        "repo": "niri",
        "rev": "01be0e65f4eb91a9cd624ac0b76aaeab765c7294",
        "type": "github"
      },
      "original": {
        "owner": "YaLTeR",
        "ref": "v25.08",
        "repo": "niri",
        "type": "github"
      }
    },
    "niri-unstable": {
      "flake": false,
      "locked": {
        "lastModified": 1768678265,
        "narHash": "sha256-Ub8eed4DsfIDWyg30xEe+8bSxL/z5Af/gCjmvJ0V/Hs=",
        "owner": "YaLTeR",
        "repo": "niri",
        "rev": "d7184a04b904e07113f4623610775ae78d32394c",
        "type": "github"
      },
      "original": {
        "owner": "YaLTeR",
        "repo": "niri",
        "type": "github"
      }
    },
    "nix-darwin": {
      "inputs": {
        "nixpkgs": [
          "nixpkgs"
        ]
      },
      "locked": {
        "lastModified": 1768561867,
        "narHash": "sha256-prGOZ+w3pZfGTRxworKcJliCNsewF0L4HUPjgU/6eaw=",
        "owner": "nix-darwin",
        "repo": "nix-darwin",
        "rev": "8b720b9662d4dd19048664b7e4216ce530591adc",
        "type": "github"
      },
      "original": {
        "owner": "nix-darwin",
        "ref": "master",
        "repo": "nix-darwin",
        "type": "github"
      }
    },
    "nix-filter": {
      "locked": {
        "lastModified": 1731533336,
        "narHash": "sha256-oRam5PS1vcrr5UPgALW0eo1m/5/pls27Z/pabHNy2Ms=",
        "owner": "numtide",
        "repo": "nix-filter",
        "rev": "f7653272fd234696ae94229839a99b73c9ab7de0",
        "type": "github"
      },
      "original": {
        "owner": "numtide",
        "repo": "nix-filter",
        "type": "github"
      }
    },
    "nix-homebrew": {
      "inputs": {
        "brew-src": "brew-src"
      },
      "locked": {
        "lastModified": 1764473698,
        "narHash": "sha256-C91gPgv6udN5WuIZWNehp8qdLqlrzX6iF/YyboOj6XI=",
        "owner": "zhaofengli",
        "repo": "nix-homebrew",
        "rev": "6a8ab60bfd66154feeaa1021fc3b32684814a62a",
        "type": "github"
      },
      "original": {
        "owner": "zhaofengli",
        "repo": "nix-homebrew",
        "type": "github"
      }
    },
    "nixpkgs": {
      "locked": {
        "lastModified": 1768569498,
        "narHash": "sha256-bB6Nt99Cj8Nu5nIUq0GLmpiErIT5KFshMQJGMZwgqUo=",
        "owner": "nixos",
        "repo": "nixpkgs",
        "rev": "be5afa0fcb31f0a96bf9ecba05a516c66fcd8114",
        "type": "github"
      },
      "original": {
        "owner": "nixos",
        "ref": "nixpkgs-unstable",
        "repo": "nixpkgs",
        "type": "github"
      }
    },
    "nixpkgs-stable": {
      "locked": {
        "lastModified": 1768621446,
        "narHash": "sha256-6YwHV1cjv6arXdF/PQc365h1j+Qje3Pydk501Rm4Q+4=",
        "owner": "NixOS",
        "repo": "nixpkgs",
        "rev": "72ac591e737060deab2b86d6952babd1f896d7c5",
        "type": "github"
      },
      "original": {
        "owner": "NixOS",
        "ref": "nixos-25.11",
        "repo": "nixpkgs",
        "type": "github"
      }
    },
    "nixpkgs_2": {
      "locked": {
        "lastModified": 1762111121,
        "narHash": "sha256-4vhDuZ7OZaZmKKrnDpxLZZpGIJvAeMtK6FKLJYUtAdw=",
        "owner": "NixOS",
        "repo": "nixpkgs",
        "rev": "b3d51a0365f6695e7dd5cdf3e180604530ed33b4",
        "type": "github"
      },
      "original": {
        "owner": "NixOS",
        "ref": "nixos-unstable",
        "repo": "nixpkgs",
        "type": "github"
      }
    },
    "nixpkgs_3": {
      "locked": {
        "lastModified": 1763421233,
        "narHash": "sha256-Stk9ZYRkGrnnpyJ4eqt9eQtdFWRRIvMxpNRf4sIegnw=",
        "owner": "nixos",
        "repo": "nixpkgs",
        "rev": "89c2b2330e733d6cdb5eae7b899326930c2c0648",
        "type": "github"
      },
      "original": {
        "owner": "nixos",
        "ref": "nixos-unstable",
        "repo": "nixpkgs",
        "type": "github"
      }
    },
    "nvf": {
      "inputs": {
        "flake-compat": "flake-compat",
        "flake-parts": "flake-parts",
        "mnw": "mnw",
        "ndg": "ndg",
        "nixpkgs": [
          "nixpkgs"
        ],
        "systems": "systems_2"
      },
      "locked": {
        "lastModified": 1768464392,
        "narHash": "sha256-H3DRARqclUFdUaWgu1xQEb86/wrh41ZG0fIQJVjcZdE=",
        "owner": "notashelf",
        "repo": "nvf",
        "rev": "007f14a2c8d67568f4655654b401871920d73011",
        "type": "github"
      },
      "original": {
        "owner": "notashelf",
        "repo": "nvf",
        "type": "github"
      }
    },
    "quickshell": {
      "inputs": {
        "nixpkgs": [
          "dankMaterialShell",
          "nixpkgs"
        ]
      },
      "locked": {
        "lastModified": 1766725085,
        "narHash": "sha256-O2aMFdDUYJazFrlwL7aSIHbUSEm3ADVZjmf41uBJfHs=",
        "ref": "refs/heads/master",
        "rev": "41828c4180fb921df7992a5405f5ff05d2ac2fff",
        "revCount": 715,
        "type": "git",
        "url": "https://git.outfoxxed.me/quickshell/quickshell"
      },
      "original": {
        "rev": "41828c4180fb921df7992a5405f5ff05d2ac2fff",
        "type": "git",
        "url": "https://git.outfoxxed.me/quickshell/quickshell"
      }
    },
    "root": {
      "inputs": {
        "antigravity-nix": "antigravity-nix",
        "dankMaterialShell": "dankMaterialShell",
        "home-manager": "home-manager",
        "homebrew-cask": "homebrew-cask",
        "homebrew-core": "homebrew-core",
        "niri": "niri",
        "nix-darwin": "nix-darwin",
        "nix-homebrew": "nix-homebrew",
        "nixpkgs": "nixpkgs",
        "nvf": "nvf",
        "vicinae": "vicinae",
        "vicinae-extensions": "vicinae-extensions",
        "winapps": "winapps",
        "zen-browser": "zen-browser"
      }
    },
    "systems": {
      "locked": {
        "lastModified": 1681028828,
        "narHash": "sha256-Vy1rq5AaRuLzOxct8nz4T6wlgyUR7zLU309k9mBC768=",
        "owner": "nix-systems",
        "repo": "default",
        "rev": "da67096a3b9bf56a91d16901293e51ba5b49a27e",
        "type": "github"
      },
      "original": {
        "owner": "nix-systems",
        "repo": "default",
        "type": "github"
      }
    },
    "systems_2": {
      "locked": {
        "lastModified": 1681028828,
        "narHash": "sha256-Vy1rq5AaRuLzOxct8nz4T6wlgyUR7zLU309k9mBC768=",
        "owner": "nix-systems",
        "repo": "default",
        "rev": "da67096a3b9bf56a91d16901293e51ba5b49a27e",
        "type": "github"
      },
      "original": {
        "owner": "nix-systems",
        "repo": "default",
        "type": "github"
      }
    },
    "systems_3": {
      "locked": {
        "lastModified": 1681028828,
        "narHash": "sha256-Vy1rq5AaRuLzOxct8nz4T6wlgyUR7zLU309k9mBC768=",
        "owner": "nix-systems",
        "repo": "default",
        "rev": "da67096a3b9bf56a91d16901293e51ba5b49a27e",
        "type": "github"
      },
      "original": {
        "owner": "nix-systems",
        "repo": "default",
        "type": "github"
      }
    },
    "systems_4": {
      "locked": {
        "lastModified": 1681028828,
        "narHash": "sha256-Vy1rq5AaRuLzOxct8nz4T6wlgyUR7zLU309k9mBC768=",
        "owner": "nix-systems",
        "repo": "default",
        "rev": "da67096a3b9bf56a91d16901293e51ba5b49a27e",
        "type": "github"
      },
      "original": {
        "owner": "nix-systems",
        "repo": "default",
        "type": "github"
      }
    },
    "systems_5": {
      "locked": {
        "lastModified": 1681028828,
        "narHash": "sha256-Vy1rq5AaRuLzOxct8nz4T6wlgyUR7zLU309k9mBC768=",
        "owner": "nix-systems",
        "repo": "default",
        "rev": "da67096a3b9bf56a91d16901293e51ba5b49a27e",
        "type": "github"
      },
      "original": {
        "owner": "nix-systems",
        "repo": "default",
        "type": "github"
      }
    },
    "vicinae": {
      "inputs": {
        "nixpkgs": "nixpkgs_2",
        "systems": "systems_3"
      },
      "locked": {
        "lastModified": 1768576079,
        "narHash": "sha256-buYdH8W5btmycK6H8O9rErnZ+S58g8S575g4vqRW/YI=",
        "owner": "vicinaehq",
        "repo": "vicinae",
        "rev": "6f8d3502c7f931f25e62b6eace3150554804acf1",
        "type": "github"
      },
      "original": {
        "owner": "vicinaehq",
        "repo": "vicinae",
        "type": "github"
      }
    },
    "vicinae-extensions": {
      "inputs": {
        "nixpkgs": "nixpkgs_3",
        "systems": "systems_4",
        "vicinae": "vicinae_2"
      },
      "locked": {
        "lastModified": 1768470100,
        "narHash": "sha256-nRP6YI1lGWgyYdm67dEiQaSMMYaPZ7AUpDFZNTD1TKI=",
        "owner": "vicinaehq",
        "repo": "extensions",
        "rev": "843ccf48a23dd16925f1dddb61f08efeb085f89e",
        "type": "github"
      },
      "original": {
        "owner": "vicinaehq",
        "repo": "extensions",
        "type": "github"
      }
    },
    "vicinae_2": {
      "inputs": {
        "nixpkgs": [
          "vicinae-extensions",
          "nixpkgs"
        ],
        "systems": [
          "vicinae-extensions",
          "systems"
        ]
      },
      "locked": {
        "lastModified": 1763768455,
        "narHash": "sha256-ZwqW2uH36vPUKrlbzDyz7NoFXKjJOT1Ijvlaz4sIp8E=",
        "owner": "vicinaehq",
        "repo": "vicinae",
        "rev": "5c965e0777dc4bcb01808c7f214dc56f997bd9c7",
        "type": "github"
      },
      "original": {
        "owner": "vicinaehq",
        "repo": "vicinae",
        "type": "github"
      }
    },
    "winapps": {
      "inputs": {
        "flake-compat": "flake-compat_2",
        "flake-utils": "flake-utils_2",
        "nix-filter": "nix-filter",
        "nixpkgs": [
          "nixpkgs"
        ]
      },
      "locked": {
        "lastModified": 1768402770,
        "narHash": "sha256-KHzv8ovWV7lKE/y5a8D+HxOrytF0px4kKANI5LkpUEc=",
        "owner": "winapps-org",
        "repo": "winapps",
        "rev": "fb7dfeeb80e503cbb14c0d82a80efb61ae08ec10",
        "type": "github"
      },
      "original": {
        "owner": "winapps-org",
        "repo": "winapps",
        "type": "github"
      }
    },
    "xwayland-satellite-stable": {
      "flake": false,
      "locked": {
        "lastModified": 1755491097,
        "narHash": "sha256-m+9tUfsmBeF2Gn4HWa6vSITZ4Gz1eA1F5Kh62B0N4oE=",
        "owner": "Supreeeme",
        "repo": "xwayland-satellite",
        "rev": "388d291e82ffbc73be18169d39470f340707edaa",
        "type": "github"
      },
      "original": {
        "owner": "Supreeeme",
        "ref": "v0.7",
        "repo": "xwayland-satellite",
        "type": "github"
      }
    },
    "xwayland-satellite-unstable": {
      "flake": false,
      "locked": {
        "lastModified": 1768106915,
        "narHash": "sha256-HlLo9zH4ULRXlmlIK948cHmdVhxyHgTHxGaoCRlW4k8=",
        "owner": "Supreeeme",
        "repo": "xwayland-satellite",
        "rev": "72245e108f3b03c3c4474d2de9de2d1830849603",
        "type": "github"
      },
      "original": {
        "owner": "Supreeeme",
        "repo": "xwayland-satellite",
        "type": "github"
      }
    },
    "zen-browser": {
      "inputs": {
        "home-manager": "home-manager_2",
        "nixpkgs": [
          "nixpkgs"
        ]
      },
      "locked": {
        "lastModified": 1768705816,
        "narHash": "sha256-cjnVT1KvViLQqrcmf7z32qN7vbpRWDjZNpUd3l2lshs=",
        "owner": "0xc000022070",
        "repo": "zen-browser-flake",
        "rev": "4443b9174d26a7d3556bf402a3e0a8a753abf842",
        "type": "github"
      },
      "original": {
        "owner": "0xc000022070",
        "repo": "zen-browser-flake",
        "type": "github"
      }
    }
  },
  "root": "root",
  "version": 7
}
