{
  "nodes": {
    "antigravity-nix": {
      "inputs": {
        "flake-utils": "flake-utils",
        "nixpkgs": [
          "nixpkgs"
        ]
      },
      "locked": {
        "lastModified": 1769418838,
        "narHash": "sha256-wW6L4fSUi8+JWl5K+tTfF3isZDe3DZKpLsempa2rO0k=",
        "owner": "jacopone",
        "repo": "antigravity-nix",
        "rev": "246eaf0563d632e5f0e25034b8e8aac76969cdbc",
        "type": "github"
      },
      "original": {
        "owner": "jacopone",
        "repo": "antigravity-nix",
        "type": "github"
      }
    },
    "brew-src": {
      "flake": false,
      "locked": {
        "lastModified": 1769363988,
        "narHash": "sha256-BiGPeulrDVetXP+tjxhMcGLUROZAtZIhU5m4MqawCfM=",
        "owner": "Homebrew",
        "repo": "brew",
        "rev": "d01011cac6d72032c75fd2cd9489909e95d9faf2",
        "type": "github"
      },
      "original": {
        "owner": "Homebrew",
        "ref": "5.0.12",
        "repo": "brew",
        "type": "github"
      }
    },
    "dankMaterialShell": {
      "inputs": {
        "nixpkgs": [
          "nixpkgs"
        ],
        "quickshell": "quickshell"
      },
      "locked": {
        "lastModified": 1770147091,
        "narHash": "sha256-BMLKiVqXMM/W1rl8D5YLZ4GOuSh8VkK452kp8lSmZy0=",
        "owner": "AvengeMedia",
        "repo": "DankMaterialShell",
        "rev": "b811316d0c6562bd4a7676a5655e3065230cc17d",
        "type": "github"
      },
      "original": {
        "owner": "AvengeMedia",
        "repo": "DankMaterialShell",
        "type": "github"
      }
    },
    "flake-compat": {
      "flake": false,
      "locked": {
        "lastModified": 1751685974,
        "narHash": "sha256-NKw96t+BgHIYzHUjkTK95FqYRVKB8DHpVhefWSz/kTw=",
        "ref": "refs/heads/main",
        "rev": "549f2762aebeff29a2e5ece7a7dc0f955281a1d1",
        "revCount": 92,
        "type": "git",
        "url": "https://git.lix.systems/lix-project/flake-compat.git"
      },
      "original": {
        "type": "git",
        "url": "https://git.lix.systems/lix-project/flake-compat.git"
      }
    },
    "flake-compat_2": {
      "locked": {
        "lastModified": 1696426674,
        "narHash": "sha256-kvjfFW7WAETZlt09AgDn1MrtKzP7t90Vf7vypd3OL1U=",
        "rev": "0f9255e01c2351cc7d116c072cb317785dd33b33",
        "revCount": 57,
        "type": "tarball",
        "url": "https://api.flakehub.com/f/pinned/edolstra/flake-compat/1.0.1/018afb31-abd1-7bff-a5e4-cff7e18efb7a/source.tar.gz"
      },
      "original": {
        "type": "tarball",
        "url": "https://flakehub.com/f/edolstra/flake-compat/1.tar.gz"
      }
    },
    "flake-parts": {
      "inputs": {
        "nixpkgs-lib": [
          "nvf",
          "nixpkgs"
        ]
      },
      "locked": {
        "lastModified": 1768135262,
        "narHash": "sha256-PVvu7OqHBGWN16zSi6tEmPwwHQ4rLPU9Plvs8/1TUBY=",
        "owner": "hercules-ci",
        "repo": "flake-parts",
        "rev": "80daad04eddbbf5a4d883996a73f3f542fa437ac",
        "type": "github"
      },
      "original": {
        "owner": "hercules-ci",
        "repo": "flake-parts",
        "type": "github"
      }
    },
    "flake-utils": {
      "inputs": {
        "systems": "systems"
      },
      "locked": {
        "lastModified": 1731533236,
        "narHash": "sha256-l0KFg5HjrsfsO/JpG+r7fRrqm12kzFHyUHqHCVpMMbI=",
        "owner": "numtide",
        "repo": "flake-utils",
        "rev": "11707dc2f618dd54ca8739b309ec4fc024de578b",
        "type": "github"
      },
      "original": {
        "owner": "numtide",
        "repo": "flake-utils",
        "type": "github"
      }
    },
    "flake-utils_2": {
      "inputs": {
        "systems": "systems_5"
      },
      "locked": {
        "lastModified": 1710146030,
        "narHash": "sha256-SZ5L6eA7HJ/nmkzGG7/ISclqe6oZdOZTNoesiInkXPQ=",
        "owner": "numtide",
        "repo": "flake-utils",
        "rev": "b1d9ab70662946ef0850d488da1c9019f3a9752a",
        "type": "github"
      },
      "original": {
        "owner": "numtide",
        "repo": "flake-utils",
        "type": "github"
      }
    },
    "home-manager": {
      "inputs": {
        "nixpkgs": [
          "nixpkgs"
        ]
      },
      "locked": {
        "lastModified": 1769978395,
        "narHash": "sha256-gj1yP3spUb1vGtaF5qPhshd2j0cg4xf51pklDsIm19Q=",
        "owner": "nix-community",
        "repo": "home-manager",
        "rev": "984708c34d3495a518e6ab6b8633469bbca2f77a",
        "type": "github"
      },
      "original": {
        "owner": "nix-community",
        "repo": "home-manager",
        "type": "github"
      }
    },
    "home-manager_2": {
      "inputs": {
        "nixpkgs": [
          "zen-browser",
          "nixpkgs"
        ]
      },
      "locked": {
        "lastModified": 1769872935,
        "narHash": "sha256-07HMIGQ/WJeAQJooA7Kkg1SDKxhAiV6eodvOwTX6WKI=",
        "owner": "nix-community",
        "repo": "home-manager",
        "rev": "f4ad5068ee8e89e4a7c2e963e10dd35cd77b37b7",
        "type": "github"
      },
      "original": {
        "owner": "nix-community",
        "repo": "home-manager",
        "type": "github"
      }
    },
    "homebrew-cask": {
      "flake": false,
      "locked": {
        "lastModified": 1770146478,
        "narHash": "sha256-KEjzGQyVakYCCK7r6qqIgHcqFeixDJ4OQ4sQ2dFyF4Q=",
        "owner": "homebrew",
        "repo": "homebrew-cask",
        "rev": "8bb179f0d1165ade9c599565a848227fa7cf1bab",
        "type": "github"
      },
      "original": {
        "owner": "homebrew",
        "repo": "homebrew-cask",
        "type": "github"
      }
    },
    "homebrew-core": {
      "flake": false,
      "locked": {
        "lastModified": 1770146722,
        "narHash": "sha256-6enu9qe2OMTEI+NlG8HtfDlL+RY0SSyzNqi05LFH4kM=",
        "owner": "homebrew",
        "repo": "homebrew-core",
        "rev": "68ec8be212cd121d6f612761728c0f346df2ee5a",
        "type": "github"
      },
      "original": {
        "owner": "homebrew",
        "repo": "homebrew-core",
        "type": "github"
      }
    },
    "mnw": {
      "locked": {
        "lastModified": 1769981889,
        "narHash": "sha256-ndI7AxL/6auelkLHngdUGVImBiHkG8w2N2fOTKZKn4k=",
        "owner": "Gerg-L",
        "repo": "mnw",
        "rev": "332fed8f43b77149c582f1782683d6aeee1f07cf",
        "type": "github"
      },
      "original": {
        "owner": "Gerg-L",
        "repo": "mnw",
        "type": "github"
      }
    },
    "ndg": {
      "inputs": {
        "nixpkgs": [
          "nvf",
          "nixpkgs"
        ]
      },
      "locked": {
        "lastModified": 1768214250,
        "narHash": "sha256-hnBZDQWUxJV3KbtvyGW5BKLO/fAwydrxm5WHCWMQTbw=",
        "owner": "feel-co",
        "repo": "ndg",
        "rev": "a6bd3c1ce2668d096e4fdaaa03ad7f03ba1fbca8",
        "type": "github"
      },
      "original": {
        "owner": "feel-co",
        "ref": "refs/tags/v2.6.0",
        "repo": "ndg",
        "type": "github"
      }
    },
    "niri": {
      "inputs": {
        "niri-stable": "niri-stable",
        "niri-unstable": "niri-unstable",
        "nixpkgs": [
          "nixpkgs"
        ],
        "nixpkgs-stable": "nixpkgs-stable",
        "xwayland-satellite-stable": "xwayland-satellite-stable",
        "xwayland-satellite-unstable": "xwayland-satellite-unstable"
      },
      "locked": {
        "lastModified": 1770133761,
        "narHash": "sha256-3/2F3IfdyEz9ot0NytsVymt5Ma54EBBWcAc3CJKQFPE=",
        "owner": "sodiboo",
        "repo": "niri-flake",
        "rev": "c44eff590edaff58ef9e34ecf38f6fbccb1be647",
        "type": "github"
      },
      "original": {
        "owner": "sodiboo",
        "repo": "niri-flake",
        "type": "github"
      }
    },
    "niri-stable": {
      "flake": false,
      "locked": {
        "lastModified": 1756556321,
        "narHash": "sha256-RLD89dfjN0RVO86C/Mot0T7aduCygPGaYbog566F0Qo=",
        "owner": "YaLTeR",
        "repo": "niri",
        "rev": "01be0e65f4eb91a9cd624ac0b76aaeab765c7294",
        "type": "github"
      },
      "original": {
        "owner": "YaLTeR",
        "ref": "v25.08",
        "repo": "niri",
        "type": "github"
      }
    },
    "niri-unstable": {
      "flake": false,
      "locked": {
        "lastModified": 1770092965,
        "narHash": "sha256-++K1ftjwPqMJzIO8t2GsdkYQzC2LLA5A1w21Uo+SLz4=",
        "owner": "YaLTeR",
        "repo": "niri",
        "rev": "189917c93329c86ac2ddd89f459c26a028d590ba",
        "type": "github"
      },
      "original": {
        "owner": "YaLTeR",
        "repo": "niri",
        "type": "github"
      }
    },
    "nix-darwin": {
      "inputs": {
        "nixpkgs": [
          "nixpkgs"
        ]
      },
      "locked": {
        "lastModified": 1768764703,
        "narHash": "sha256-5ulSDyOG1U+1sJhkJHYsUOWEsmtLl97O0NTVMvgIVyc=",
        "owner": "nix-darwin",
        "repo": "nix-darwin",
        "rev": "0fc4e7ac670a0ed874abacf73c4b072a6a58064b",
        "type": "github"
      },
      "original": {
        "owner": "nix-darwin",
        "ref": "master",
        "repo": "nix-darwin",
        "type": "github"
      }
    },
    "nix-filter": {
      "locked": {
        "lastModified": 1731533336,
        "narHash": "sha256-oRam5PS1vcrr5UPgALW0eo1m/5/pls27Z/pabHNy2Ms=",
        "owner": "numtide",
        "repo": "nix-filter",
        "rev": "f7653272fd234696ae94229839a99b73c9ab7de0",
        "type": "github"
      },
      "original": {
        "owner": "numtide",
        "repo": "nix-filter",
        "type": "github"
      }
    },
    "nix-homebrew": {
      "inputs": {
        "brew-src": "brew-src"
      },
      "locked": {
        "lastModified": 1769437432,
        "narHash": "sha256-8d7KnCpT2LweRvSzZYEGd9IM3eFX+A78opcnDM0+ndk=",
        "owner": "zhaofengli",
        "repo": "nix-homebrew",
        "rev": "a5409abd0d5013d79775d3419bcac10eacb9d8c5",
        "type": "github"
      },
      "original": {
        "owner": "zhaofengli",
        "repo": "nix-homebrew",
        "type": "github"
      }
    },
    "nixpkgs": {
      "locked": {
        "lastModified": 1770107345,
        "narHash": "sha256-tbS0Ebx2PiA1FRW8mt8oejR0qMXmziJmPaU1d4kYY9g=",
        "owner": "nixos",
        "repo": "nixpkgs",
        "rev": "4533d9293756b63904b7238acb84ac8fe4c8c2c4",
        "type": "github"
      },
      "original": {
        "owner": "nixos",
        "ref": "nixpkgs-unstable",
        "repo": "nixpkgs",
        "type": "github"
      }
    },
    "nixpkgs-stable": {
      "locked": {
        "lastModified": 1770056022,
        "narHash": "sha256-yvCz+Qmci1bVucXEyac3TdoSPMtjqVJmVy5wro6j/70=",
        "owner": "NixOS",
        "repo": "nixpkgs",
        "rev": "d04d8548aed39902419f14a8537006426dc1e4fa",
        "type": "github"
      },
      "original": {
        "owner": "NixOS",
        "ref": "nixos-25.11",
        "repo": "nixpkgs",
        "type": "github"
      }
    },
    "nixpkgs_2": {
      "locked": {
        "lastModified": 1762111121,
        "narHash": "sha256-4vhDuZ7OZaZmKKrnDpxLZZpGIJvAeMtK6FKLJYUtAdw=",
        "owner": "NixOS",
        "repo": "nixpkgs",
        "rev": "b3d51a0365f6695e7dd5cdf3e180604530ed33b4",
        "type": "github"
      },
      "original": {
        "owner": "NixOS",
        "ref": "nixos-unstable",
        "repo": "nixpkgs",
        "type": "github"
      }
    },
    "nixpkgs_3": {
      "locked": {
        "lastModified": 1768564909,
        "narHash": "sha256-Kell/SpJYVkHWMvnhqJz/8DqQg2b6PguxVWOuadbHCc=",
        "owner": "nixos",
        "repo": "nixpkgs",
        "rev": "e4bae1bd10c9c57b2cf517953ab70060a828ee6f",
        "type": "github"
      },
      "original": {
        "owner": "nixos",
        "ref": "nixos-unstable",
        "repo": "nixpkgs",
        "type": "github"
      }
    },
    "nvf": {
      "inputs": {
        "flake-compat": "flake-compat",
        "flake-parts": "flake-parts",
        "mnw": "mnw",
        "ndg": "ndg",
        "nixpkgs": [
          "nixpkgs"
        ],
        "systems": "systems_2"
      },
      "locked": {
        "lastModified": 1770130359,
        "narHash": "sha256-IfoT9oaeIE6XjXprMORG2qZFzGGZ0v6wJcOlQRdlpvY=",
        "owner": "notashelf",
        "repo": "nvf",
        "rev": "92854bd0eaaa06914afba345741c372439b8e335",
        "type": "github"
      },
      "original": {
        "owner": "notashelf",
        "repo": "nvf",
        "type": "github"
      }
    },
    "quickshell": {
      "inputs": {
        "nixpkgs": [
          "dankMaterialShell",
          "nixpkgs"
        ]
      },
      "locked": {
        "lastModified": 1766725085,
        "narHash": "sha256-O2aMFdDUYJazFrlwL7aSIHbUSEm3ADVZjmf41uBJfHs=",
        "ref": "refs/heads/master",
        "rev": "41828c4180fb921df7992a5405f5ff05d2ac2fff",
        "revCount": 715,
        "type": "git",
        "url": "https://git.outfoxxed.me/quickshell/quickshell"
      },
      "original": {
        "rev": "41828c4180fb921df7992a5405f5ff05d2ac2fff",
        "type": "git",
        "url": "https://git.outfoxxed.me/quickshell/quickshell"
      }
    },
    "root": {
      "inputs": {
        "antigravity-nix": "antigravity-nix",
        "dankMaterialShell": "dankMaterialShell",
        "home-manager": "home-manager",
        "homebrew-cask": "homebrew-cask",
        "homebrew-core": "homebrew-core",
        "niri": "niri",
        "nix-darwin": "nix-darwin",
        "nix-homebrew": "nix-homebrew",
        "nixpkgs": "nixpkgs",
        "nvf": "nvf",
        "vicinae": "vicinae",
        "vicinae-extensions": "vicinae-extensions",
        "winapps": "winapps",
        "zen-browser": "zen-browser"
      }
    },
    "systems": {
      "locked": {
        "lastModified": 1681028828,
        "narHash": "sha256-Vy1rq5AaRuLzOxct8nz4T6wlgyUR7zLU309k9mBC768=",
        "owner": "nix-systems",
        "repo": "default",
        "rev": "da67096a3b9bf56a91d16901293e51ba5b49a27e",
        "type": "github"
      },
      "original": {
        "owner": "nix-systems",
        "repo": "default",
        "type": "github"
      }
    },
    "systems_2": {
      "locked": {
        "lastModified": 1681028828,
        "narHash": "sha256-Vy1rq5AaRuLzOxct8nz4T6wlgyUR7zLU309k9mBC768=",
        "owner": "nix-systems",
        "repo": "default",
        "rev": "da67096a3b9bf56a91d16901293e51ba5b49a27e",
        "type": "github"
      },
      "original": {
        "owner": "nix-systems",
        "repo": "default",
        "type": "github"
      }
    },
    "systems_3": {
      "locked": {
        "lastModified": 1681028828,
        "narHash": "sha256-Vy1rq5AaRuLzOxct8nz4T6wlgyUR7zLU309k9mBC768=",
        "owner": "nix-systems",
        "repo": "default",
        "rev": "da67096a3b9bf56a91d16901293e51ba5b49a27e",
        "type": "github"
      },
      "original": {
        "owner": "nix-systems",
        "repo": "default",
        "type": "github"
      }
    },
    "systems_4": {
      "locked": {
        "lastModified": 1681028828,
        "narHash": "sha256-Vy1rq5AaRuLzOxct8nz4T6wlgyUR7zLU309k9mBC768=",
        "owner": "nix-systems",
        "repo": "default",
        "rev": "da67096a3b9bf56a91d16901293e51ba5b49a27e",
        "type": "github"
      },
      "original": {
        "owner": "nix-systems",
        "repo": "default",
        "type": "github"
      }
    },
    "systems_5": {
      "locked": {
        "lastModified": 1681028828,
        "narHash": "sha256-Vy1rq5AaRuLzOxct8nz4T6wlgyUR7zLU309k9mBC768=",
        "owner": "nix-systems",
        "repo": "default",
        "rev": "da67096a3b9bf56a91d16901293e51ba5b49a27e",
        "type": "github"
      },
      "original": {
        "owner": "nix-systems",
        "repo": "default",
        "type": "github"
      }
    },
    "vicinae": {
      "inputs": {
        "nixpkgs": "nixpkgs_2",
        "systems": "systems_3"
      },
      "locked": {
        "lastModified": 1770143778,
        "narHash": "sha256-OA7JKbTQZwtVwjq+DDefRR8rLq3Q4jgHqomsjoiA228=",
        "owner": "vicinaehq",
        "repo": "vicinae",
        "rev": "021532d64503f45052ed782f1be116018ed0c4b1",
        "type": "github"
      },
      "original": {
        "owner": "vicinaehq",
        "repo": "vicinae",
        "type": "github"
      }
    },
    "vicinae-extensions": {
      "inputs": {
        "nixpkgs": "nixpkgs_3",
        "systems": "systems_4",
        "vicinae": "vicinae_2"
      },
      "locked": {
        "lastModified": 1769946738,
        "narHash": "sha256-0W0H3TYfa4BkaY3mJyBQ/LD3WaFQcsEbWwmM1bEsTHQ=",
        "owner": "vicinaehq",
        "repo": "extensions",
        "rev": "549a2049dffcf5711177a00a63f4b79caed3f06d",
        "type": "github"
      },
      "original": {
        "owner": "vicinaehq",
        "repo": "extensions",
        "type": "github"
      }
    },
    "vicinae_2": {
      "inputs": {
        "nixpkgs": [
          "vicinae-extensions",
          "nixpkgs"
        ],
        "systems": [
          "vicinae-extensions",
          "systems"
        ]
      },
      "locked": {
        "lastModified": 1768856963,
        "narHash": "sha256-u5bWDuwk6oieTnvm1YjNotcYK8iJSddH5+S68+X4TSc=",
        "owner": "vicinaehq",
        "repo": "vicinae",
        "rev": "934bc0ad47be6dbd6498a0dac655c4613fd0ab27",
        "type": "github"
      },
      "original": {
        "owner": "vicinaehq",
        "repo": "vicinae",
        "type": "github"
      }
    },
    "winapps": {
      "inputs": {
        "flake-compat": "flake-compat_2",
        "flake-utils": "flake-utils_2",
        "nix-filter": "nix-filter",
        "nixpkgs": [
          "nixpkgs"
        ]
      },
      "locked": {
        "lastModified": 1769341600,
        "narHash": "sha256-kt48cZLDLltKlwBTL4ErDpPmMoY8zL2ARYus2eggPO0=",
        "owner": "winapps-org",
        "repo": "winapps",
        "rev": "2dbd242649027ac1b8c44619c5f6ce3fd2e22851",
        "type": "github"
      },
      "original": {
        "owner": "winapps-org",
        "repo": "winapps",
        "type": "github"
      }
    },
    "xwayland-satellite-stable": {
      "flake": false,
      "locked": {
        "lastModified": 1755491097,
        "narHash": "sha256-m+9tUfsmBeF2Gn4HWa6vSITZ4Gz1eA1F5Kh62B0N4oE=",
        "owner": "Supreeeme",
        "repo": "xwayland-satellite",
        "rev": "388d291e82ffbc73be18169d39470f340707edaa",
        "type": "github"
      },
      "original": {
        "owner": "Supreeeme",
        "ref": "v0.7",
        "repo": "xwayland-satellite",
        "type": "github"
      }
    },
    "xwayland-satellite-unstable": {
      "flake": false,
      "locked": {
        "lastModified": 1770083504,
        "narHash": "sha256-1CB57EPNjZOAjMeFzkG5wbzjuLuKT317alEK6JUf9sc=",
        "owner": "Supreeeme",
        "repo": "xwayland-satellite",
        "rev": "75c9f5e77573b36b8d341c28c0d32e9c9a0a2309",
        "type": "github"
      },
      "original": {
        "owner": "Supreeeme",
        "repo": "xwayland-satellite",
        "type": "github"
      }
    },
    "zen-browser": {
      "inputs": {
        "home-manager": "home-manager_2",
        "nixpkgs": [
          "nixpkgs"
        ]
      },
      "locked": {
        "lastModified": 1770097899,
        "narHash": "sha256-FKRpvwWR96VDW4bdsxIrZgIAXvdXqsCTaV1HghCJBoQ=",
        "owner": "0xc000022070",
        "repo": "zen-browser-flake",
        "rev": "615a27db86f3fddd0f096b5e9ea832795a4608d1",
        "type": "github"
      },
      "original": {
        "owner": "0xc000022070",
        "repo": "zen-browser-flake",
        "type": "github"
      }
    }
  },
  "root": "root",
  "version": 7
}
