name: Update flake lock

on:
  schedule:
    - cron: "0 22 * * *"
  workflow_dispatch:

permissions:
  contents: write

concurrency:
  group: update-flake-lock
  cancel-in-progress: false

jobs:
  update:
    runs-on: ubuntu-latest

    steps:
      - name: Check out repository
        uses: actions/checkout@v4
        with:
          fetch-depth: 0

      - name: Install Nix
        uses: DeterminateSystems/determinate-nix-action@v3
        with:
          extra-conf: |
            accept-flake-config = true

      - name: Update flake.lock
        run: nix flake update

      - name: Validate flake
        run: nix flake check -L

      - name: Configure git author
        run: |
          git config user.name "github-actions[bot]"
          git config user.email "41898282+github-actions[bot]@users.noreply.github.com"

      - name: Commit lockfile changes
        id: commit
        run: |
          if git diff --quiet -- flake.lock; then
            echo "changed=false" >> "$GITHUB_OUTPUT"
            exit 0
          fi

          git add flake.lock
          git commit -m "Update flake lock"
          echo "changed=true" >> "$GITHUB_OUTPUT"

      - name: Push lockfile commit
        if: steps.commit.outputs.changed == 'true'
        env:
          GITHUB_TOKEN: ${{ github.token }}
        run: |
          git remote set-url origin "https://x-access-token:${GITHUB_TOKEN}@github.com/${GITHUB_REPOSITORY}.git"
          git push origin "HEAD:${GITHUB_REF_NAME}"
